
Microsoft Visual Studio Solution File, Format Version 12.00
# Visual Studio Version 17
VisualStudioVersion = 17.3.32922.545
MinimumVisualStudioVersion = 10.0.40219.1
Project("{8BC9CEB8-8B4A-11D0-8D11-00A0C91BC942}") = "MyRunProgramWhenComputerUnused", "MyRunProgramWhenComputerUnused\MyRunProgramWhenComputerUnused.vcxproj", "{E71D3B0F-2164-4119-96D3-29B87762FDC4}"
EndProject
Global
	GlobalSection(SolutionConfigurationPlatforms) = preSolution
		Debug|x64 = Debug|x64
		Debug|x86 = Debug|x86
		Release|x64 = Release|x64
		Release|x86 = Release|x86
	EndGlobalSection
	GlobalSection(ProjectConfigurationPlatforms) = postSolution
		{E71D3B0F-2164-4119-96D3-29B87762FDC4}.Debug|x64.ActiveCfg = Debug|x64
		{E71D3B0F-2164-4119-96D3-29B87762FDC4}.Debug|x64.Build.0 = Debug|x64
		{E71D3B0F-2164-4119-96D3-29B87762FDC4}.Debug|x86.ActiveCfg = Debug|Win32
		{E71D3B0F-2164-4119-96D3-29B87762FDC4}.Debug|x86.Build.0 = Debug|Win32
		{E71D3B0F-2164-4119-96D3-29B87762FDC4}.Release|x64.ActiveCfg = Release|x64
		{E71D3B0F-2164-4119-96D3-29B87762FDC4}.Release|x64.Build.0 = Release|x64
		{E71D3B0F-2164-4119-96D3-29B87762FDC4}.Release|x86.ActiveCfg = Release|Win32
		{E71D3B0F-2164-4119-96D3-29B87762FDC4}.Release|x86.Build.0 = Release|Win32
	EndGlobalSection
	GlobalSection(SolutionProperties) = preSolution
		HideSolutionNode = FALSE
	EndGlobalSection
	GlobalSection(ExtensibilityGlobals) = postSolution
		SolutionGuid = {CE4F3A8E-A8E1-4153-BE36-F4DA04FA4F7E}
	EndGlobalSection
EndGlobal
