
Microsoft Visual Studio Solution File, Format Version 12.00
# Visual Studio Version 17
VisualStudioVersion = 17.3.32929.385
MinimumVisualStudioVersion = 10.0.40219.1
Project("{8BC9CEB8-8B4A-11D0-8D11-00A0C91BC942}") = "MultithreadedDownloadTool", "MultithreadedDownloadTool\MultithreadedDownloadTool.vcxproj", "{47E7B7E8-2DB7-4631-B50D-2E6796F1D99F}"
EndProject
Project("{9A19103F-16F7-4668-BE54-9A1E7A4F7556}") = "DownloadToolUI", "DownloadToolUI\DownloadToolUI.csproj", "{BA501A6C-AF86-429A-B341-EBD1500CBF92}"
EndProject
Global
	GlobalSection(SolutionConfigurationPlatforms) = preSolution
		Debug|Any CPU = Debug|Any CPU
		Debug|x64 = Debug|x64
		Debug|x86 = Debug|x86
		Release|Any CPU = Release|Any CPU
		Release|x64 = Release|x64
		Release|x86 = Release|x86
	EndGlobalSection
	GlobalSection(ProjectConfigurationPlatforms) = postSolution
		{47E7B7E8-2DB7-4631-B50D-2E6796F1D99F}.Debug|Any CPU.ActiveCfg = Debug|x64
		{47E7B7E8-2DB7-4631-B50D-2E6796F1D99F}.Debug|Any CPU.Build.0 = Debug|x64
		{47E7B7E8-2DB7-4631-B50D-2E6796F1D99F}.Debug|x64.ActiveCfg = Debug|x64
		{47E7B7E8-2DB7-4631-B50D-2E6796F1D99F}.Debug|x64.Build.0 = Debug|x64
		{47E7B7E8-2DB7-4631-B50D-2E6796F1D99F}.Debug|x86.ActiveCfg = Debug|Win32
		{47E7B7E8-2DB7-4631-B50D-2E6796F1D99F}.Debug|x86.Build.0 = Debug|Win32
		{47E7B7E8-2DB7-4631-B50D-2E6796F1D99F}.Release|Any CPU.ActiveCfg = Release|x64
		{47E7B7E8-2DB7-4631-B50D-2E6796F1D99F}.Release|Any CPU.Build.0 = Release|x64
		{47E7B7E8-2DB7-4631-B50D-2E6796F1D99F}.Release|x64.ActiveCfg = Release|x64
		{47E7B7E8-2DB7-4631-B50D-2E6796F1D99F}.Release|x64.Build.0 = Release|x64
		{47E7B7E8-2DB7-4631-B50D-2E6796F1D99F}.Release|x86.ActiveCfg = Release|Win32
		{47E7B7E8-2DB7-4631-B50D-2E6796F1D99F}.Release|x86.Build.0 = Release|Win32
		{BA501A6C-AF86-429A-B341-EBD1500CBF92}.Debug|Any CPU.ActiveCfg = Debug|Any CPU
		{BA501A6C-AF86-429A-B341-EBD1500CBF92}.Debug|Any CPU.Build.0 = Debug|Any CPU
		{BA501A6C-AF86-429A-B341-EBD1500CBF92}.Debug|x64.ActiveCfg = Debug|Any CPU
		{BA501A6C-AF86-429A-B341-EBD1500CBF92}.Debug|x64.Build.0 = Debug|Any CPU
		{BA501A6C-AF86-429A-B341-EBD1500CBF92}.Debug|x86.ActiveCfg = Debug|Any CPU
		{BA501A6C-AF86-429A-B341-EBD1500CBF92}.Debug|x86.Build.0 = Debug|Any CPU
		{BA501A6C-AF86-429A-B341-EBD1500CBF92}.Release|Any CPU.ActiveCfg = Release|Any CPU
		{BA501A6C-AF86-429A-B341-EBD1500CBF92}.Release|Any CPU.Build.0 = Release|Any CPU
		{BA501A6C-AF86-429A-B341-EBD1500CBF92}.Release|x64.ActiveCfg = Release|Any CPU
		{BA501A6C-AF86-429A-B341-EBD1500CBF92}.Release|x64.Build.0 = Release|Any CPU
		{BA501A6C-AF86-429A-B341-EBD1500CBF92}.Release|x86.ActiveCfg = Release|Any CPU
		{BA501A6C-AF86-429A-B341-EBD1500CBF92}.Release|x86.Build.0 = Release|Any CPU
	EndGlobalSection
	GlobalSection(SolutionProperties) = preSolution
		HideSolutionNode = FALSE
	EndGlobalSection
	GlobalSection(ExtensibilityGlobals) = postSolution
		SolutionGuid = {83C60FE3-58F3-4C21-9C18-CD0DA1E76F23}
	EndGlobalSection
EndGlobal
