
Microsoft Visual Studio Solution File, Format Version 12.00
# Visual Studio Version 17
VisualStudioVersion = 17.0.31919.166
MinimumVisualStudioVersion = 10.0.40219.1
Project("{8BC9CEB8-8B4A-11D0-8D11-00A0C91BC942}") = "MultithreadedDownloadTool", "MultithreadedDownloadTool\MultithreadedDownloadTool.vcxproj", "{74A7FE45-60D6-4587-8508-5824A801930E}"
EndProject
Project("{8BC9CEB8-8B4A-11D0-8D11-00A0C91BC942}") = "download_client", "download_client\download_client.vcxproj", "{F05CA92B-5086-4364-8C61-2D3179738C46}"
	ProjectSection(ProjectDependencies) = postProject
		{74A7FE45-60D6-4587-8508-5824A801930E} = {74A7FE45-60D6-4587-8508-5824A801930E}
	EndProjectSection
EndProject
Project("{FAE04EC0-301F-11D3-BF4B-00C04F79EFBC}") = "DownloadToolUi_NET", "DownloadToolUi_NET\DownloadToolUi_NET.csproj", "{91EF0188-6890-424C-8E4E-747A9BBB3A17}"
EndProject
Project("{8BC9CEB8-8B4A-11D0-8D11-00A0C91BC942}") = "downloadclientdemo1", "downloadclientdemo1\downloadclientdemo1.vcxproj", "{FDA2521C-0064-48FD-8CA8-05978BB79A87}"
	ProjectSection(ProjectDependencies) = postProject
		{74A7FE45-60D6-4587-8508-5824A801930E} = {74A7FE45-60D6-4587-8508-5824A801930E}
	EndProjectSection
EndProject
Global
	GlobalSection(SolutionConfigurationPlatforms) = preSolution
		Debug|Any CPU = Debug|Any CPU
		Debug|x64 = Debug|x64
		Debug|x86 = Debug|x86
		Release|Any CPU = Release|Any CPU
		Release|x64 = Release|x64
		Release|x86 = Release|x86
	EndGlobalSection
	GlobalSection(ProjectConfigurationPlatforms) = postSolution
		{74A7FE45-60D6-4587-8508-5824A801930E}.Debug|Any CPU.ActiveCfg = Debug|x64
		{74A7FE45-60D6-4587-8508-5824A801930E}.Debug|Any CPU.Build.0 = Debug|x64
		{74A7FE45-60D6-4587-8508-5824A801930E}.Debug|x64.ActiveCfg = Debug|x64
		{74A7FE45-60D6-4587-8508-5824A801930E}.Debug|x64.Build.0 = Debug|x64
		{74A7FE45-60D6-4587-8508-5824A801930E}.Debug|x86.ActiveCfg = Debug|Win32
		{74A7FE45-60D6-4587-8508-5824A801930E}.Debug|x86.Build.0 = Debug|Win32
		{74A7FE45-60D6-4587-8508-5824A801930E}.Release|Any CPU.ActiveCfg = Release|x64
		{74A7FE45-60D6-4587-8508-5824A801930E}.Release|Any CPU.Build.0 = Release|x64
		{74A7FE45-60D6-4587-8508-5824A801930E}.Release|x64.ActiveCfg = Release|x64
		{74A7FE45-60D6-4587-8508-5824A801930E}.Release|x64.Build.0 = Release|x64
		{74A7FE45-60D6-4587-8508-5824A801930E}.Release|x86.ActiveCfg = Release|Win32
		{74A7FE45-60D6-4587-8508-5824A801930E}.Release|x86.Build.0 = Release|Win32
		{F05CA92B-5086-4364-8C61-2D3179738C46}.Debug|Any CPU.ActiveCfg = Debug|x64
		{F05CA92B-5086-4364-8C61-2D3179738C46}.Debug|x64.ActiveCfg = Debug|x64
		{F05CA92B-5086-4364-8C61-2D3179738C46}.Debug|x64.Build.0 = Debug|x64
		{F05CA92B-5086-4364-8C61-2D3179738C46}.Debug|x86.ActiveCfg = Debug|Win32
		{F05CA92B-5086-4364-8C61-2D3179738C46}.Debug|x86.Build.0 = Debug|Win32
		{F05CA92B-5086-4364-8C61-2D3179738C46}.Release|Any CPU.ActiveCfg = Release|x64
		{F05CA92B-5086-4364-8C61-2D3179738C46}.Release|x64.ActiveCfg = Release|x64
		{F05CA92B-5086-4364-8C61-2D3179738C46}.Release|x64.Build.0 = Release|x64
		{F05CA92B-5086-4364-8C61-2D3179738C46}.Release|x86.ActiveCfg = Release|Win32
		{F05CA92B-5086-4364-8C61-2D3179738C46}.Release|x86.Build.0 = Release|Win32
		{91EF0188-6890-424C-8E4E-747A9BBB3A17}.Debug|Any CPU.ActiveCfg = Debug|Any CPU
		{91EF0188-6890-424C-8E4E-747A9BBB3A17}.Debug|Any CPU.Build.0 = Debug|Any CPU
		{91EF0188-6890-424C-8E4E-747A9BBB3A17}.Debug|x64.ActiveCfg = Debug|Any CPU
		{91EF0188-6890-424C-8E4E-747A9BBB3A17}.Debug|x64.Build.0 = Debug|Any CPU
		{91EF0188-6890-424C-8E4E-747A9BBB3A17}.Debug|x86.ActiveCfg = Debug|Any CPU
		{91EF0188-6890-424C-8E4E-747A9BBB3A17}.Debug|x86.Build.0 = Debug|Any CPU
		{91EF0188-6890-424C-8E4E-747A9BBB3A17}.Release|Any CPU.ActiveCfg = Release|Any CPU
		{91EF0188-6890-424C-8E4E-747A9BBB3A17}.Release|Any CPU.Build.0 = Release|Any CPU
		{91EF0188-6890-424C-8E4E-747A9BBB3A17}.Release|x64.ActiveCfg = Release|Any CPU
		{91EF0188-6890-424C-8E4E-747A9BBB3A17}.Release|x64.Build.0 = Release|Any CPU
		{91EF0188-6890-424C-8E4E-747A9BBB3A17}.Release|x86.ActiveCfg = Release|Any CPU
		{91EF0188-6890-424C-8E4E-747A9BBB3A17}.Release|x86.Build.0 = Release|Any CPU
		{FDA2521C-0064-48FD-8CA8-05978BB79A87}.Debug|Any CPU.ActiveCfg = Debug|x64
		{FDA2521C-0064-48FD-8CA8-05978BB79A87}.Debug|Any CPU.Build.0 = Debug|x64
		{FDA2521C-0064-48FD-8CA8-05978BB79A87}.Debug|x64.ActiveCfg = Debug|x64
		{FDA2521C-0064-48FD-8CA8-05978BB79A87}.Debug|x64.Build.0 = Debug|x64
		{FDA2521C-0064-48FD-8CA8-05978BB79A87}.Debug|x86.ActiveCfg = Debug|Win32
		{FDA2521C-0064-48FD-8CA8-05978BB79A87}.Debug|x86.Build.0 = Debug|Win32
		{FDA2521C-0064-48FD-8CA8-05978BB79A87}.Release|Any CPU.ActiveCfg = Release|x64
		{FDA2521C-0064-48FD-8CA8-05978BB79A87}.Release|Any CPU.Build.0 = Release|x64
		{FDA2521C-0064-48FD-8CA8-05978BB79A87}.Release|x64.ActiveCfg = Release|x64
		{FDA2521C-0064-48FD-8CA8-05978BB79A87}.Release|x64.Build.0 = Release|x64
		{FDA2521C-0064-48FD-8CA8-05978BB79A87}.Release|x86.ActiveCfg = Release|Win32
		{FDA2521C-0064-48FD-8CA8-05978BB79A87}.Release|x86.Build.0 = Release|Win32
	EndGlobalSection
	GlobalSection(SolutionProperties) = preSolution
		HideSolutionNode = FALSE
	EndGlobalSection
	GlobalSection(ExtensibilityGlobals) = postSolution
		SolutionGuid = {51B03610-514C-4C16-BAAA-96512D6E5C5B}
	EndGlobalSection
EndGlobal
