<?xml version="1.0" encoding="utf-8"?>
<Project ToolsVersion="4.0" xmlns="http://schemas.microsoft.com/developer/msbuild/2003">
  <ItemGroup>
    <ClCompile Include="ServiceWorker.cpp">
      <Filter>源文件</Filter>
    </ClCompile>
    <ClCompile Include="..\..\resource\tool.cpp">
      <Filter>资源文件</Filter>
    </ClCompile>
    <ClCompile Include="SysManageUi_UserMode-2.cpp">
      <Filter>源文件</Filter>
    </ClCompile>
    <ClCompile Include="TaskbarIcon.cpp">
      <Filter>ui</Filter>
    </ClCompile>
    <ClCompile Include="SimpleUI.cpp">
      <Filter>ui</Filter>
    </ClCompile>
  </ItemGroup>
  <ItemGroup>
    <ClInclude Include="framework.h">
      <Filter>useless</Filter>
    </ClInclude>
    <ClInclude Include="includer.h">
      <Filter>useless</Filter>
    </ClInclude>
    <ClInclude Include="ServiceWorker.h">
      <Filter>头文件</Filter>
    </ClInclude>
    <ClInclude Include="targetver.h">
      <Filter>useless</Filter>
    </ClInclude>
    <ClInclude Include="Resource.h">
      <Filter>资源文件</Filter>
    </ClInclude>
    <ClInclude Include="SysManageUi_UserMode.h">
      <Filter>头文件</Filter>
    </ClInclude>
    <ClInclude Include="TaskbarIcon.h">
      <Filter>ui</Filter>
    </ClInclude>
    <ClInclude Include="SimpleUI.h">
      <Filter>ui</Filter>
    </ClInclude>
  </ItemGroup>
  <ItemGroup>
    <Filter Include="资源文件">
      <UniqueIdentifier>{bd1794f6-e1ad-4030-971a-3da79fdb4fc7}</UniqueIdentifier>
      <Extensions>rc;ico;cur;bmp;dlg;rc2;rct;bin;rgs;gif;jpg;jpeg;jpe;resx;tiff;tif;png;wav;mfcribbon-ms</Extensions>
    </Filter>
    <Filter Include="头文件">
      <UniqueIdentifier>{2dc7a6f5-bfce-4af1-b07a-b5eb36ab90cd}</UniqueIdentifier>
      <Extensions>h;hh;hpp;hxx;h++;hm;inl;inc;ipp;xsd</Extensions>
    </Filter>
    <Filter Include="源文件">
      <UniqueIdentifier>{fa41b5cb-12db-4fc6-b399-dbfb23e500a2}</UniqueIdentifier>
      <Extensions>cpp;c;cc;cxx;c++;cppm;ixx;def;odl;idl;hpj;bat;asm;asmx</Extensions>
    </Filter>
    <Filter Include="useless">
      <UniqueIdentifier>{db17531a-31b6-48a4-b4fe-65e1a1f7f11b}</UniqueIdentifier>
    </Filter>
    <Filter Include="ui">
      <UniqueIdentifier>{4953aad5-1c28-4b80-9d95-a98550ce42b5}</UniqueIdentifier>
    </Filter>
  </ItemGroup>
  <ItemGroup>
    <ResourceCompile Include="SysManageUi_UserMode.rc">
      <Filter>资源文件</Filter>
    </ResourceCompile>
  </ItemGroup>
  <ItemGroup>
    <None Include="..\bin\SysManageTool32.dll">
      <Filter>资源文件</Filter>
    </None>
    <None Include="..\bin\SysManageTool64.dll">
      <Filter>资源文件</Filter>
    </None>
  </ItemGroup>
</Project>