<?xml version="1.0" encoding="utf-8"?>
<Project ToolsVersion="4.0" xmlns="http://schemas.microsoft.com/developer/msbuild/2003">
  <ItemGroup>
    <Filter Include="源文件">
      <UniqueIdentifier>{4FC737F1-C7A5-4376-A066-2A32D752A2FF}</UniqueIdentifier>
      <Extensions>cpp;c;cc;cxx;c++;cppm;ixx;def;odl;idl;hpj;bat;asm;asmx</Extensions>
    </Filter>
    <Filter Include="头文件">
      <UniqueIdentifier>{93995380-89BD-4b04-88EB-625FBE52EBFB}</UniqueIdentifier>
      <Extensions>h;hh;hpp;hxx;h++;hm;inl;inc;ipp;xsd</Extensions>
    </Filter>
    <Filter Include="资源文件">
      <UniqueIdentifier>{67DA6AB6-F800-4c08-8B7A-83BB121AAD01}</UniqueIdentifier>
      <Extensions>rc;ico;cur;bmp;dlg;rc2;rct;bin;rgs;gif;jpg;jpeg;jpe;resx;tiff;tif;png;wav;mfcribbon-ms</Extensions>
    </Filter>
    <Filter Include="utils">
      <UniqueIdentifier>{aefe9299-17c8-4faf-b166-8d0b9e7261f9}</UniqueIdentifier>
    </Filter>
    <Filter Include="utils\injector">
      <UniqueIdentifier>{c43c7c42-3fdc-4a55-9119-8e908a04ba11}</UniqueIdentifier>
    </Filter>
    <Filter Include="utils\base64">
      <UniqueIdentifier>{6235531b-c697-42b7-827a-408061b9fbfb}</UniqueIdentifier>
    </Filter>
  </ItemGroup>
  <ItemGroup>
    <ClInclude Include="MyProcControl-exports.h">
      <Filter>头文件</Filter>
    </ClInclude>
    <ClInclude Include="resource.h">
      <Filter>资源文件</Filter>
    </ClInclude>
    <ClInclude Include="..\..\resource\tool.h">
      <Filter>资源文件</Filter>
    </ClInclude>
    <ClInclude Include="..\utils\inject.h">
      <Filter>utils\injector</Filter>
    </ClInclude>
    <ClInclude Include="..\utils\base64helper\base64_2.h">
      <Filter>utils\base64</Filter>
    </ClInclude>
  </ItemGroup>
  <ItemGroup>
    <ClCompile Include="dllmain.cpp">
      <Filter>源文件</Filter>
    </ClCompile>
    <ClCompile Include="MyProcControl-exports.cpp">
      <Filter>源文件</Filter>
    </ClCompile>
    <ClCompile Include="..\..\resource\tool.cpp">
      <Filter>资源文件</Filter>
    </ClCompile>
    <ClCompile Include="..\utils\inject.c">
      <Filter>utils\injector</Filter>
    </ClCompile>
    <ClCompile Include="..\utils\base64helper\base64_2.cpp">
      <Filter>utils\base64</Filter>
    </ClCompile>
  </ItemGroup>
  <ItemGroup>
    <ResourceCompile Include="MyProcControlExports.rc">
      <Filter>资源文件</Filter>
    </ResourceCompile>
  </ItemGroup>
  <ItemGroup>
    <None Include="Source.def">
      <Filter>源文件</Filter>
    </None>
  </ItemGroup>
</Project>